Microsoft Visual Studio Solution File, Format Version 12.00
# Visual Studio Version 17
VisualStudioVersion = 17.5.2.0
MinimumVisualStudioVersion = 10.0.40219.1
Project("{2150E333-8FDC-42A3-9474-1A3956D46DE8}") = "Web", "Web", "{256F4E96-6A73-9ABE-786F-840C672A50F4}"
EndProject
Project("{2150E333-8FDC-42A3-9474-1A3956D46DE8}") = "BuildingBlocks", "BuildingBlocks", "{7266C4A9-E384-DC00-0EB6-47F6002CFBA7}"
EndProject
Project("{2150E333-8FDC-42A3-9474-1A3956D46DE8}") = "Services", "Services", "{5854FF58-B8C5-05C6-5BF2-ACE42193F22B}"
EndProject
Project("{FAE04EC0-301F-11D3-BF4B-00C04F79EFBC}") = "WebMVC", "Web\WebMVC\WebMVC.csproj", "{0193DDE0-C6FE-D742-E145-2FEA1BAB8B8E}"
EndProject
Project("{FAE04EC0-301F-11D3-BF4B-00C04F79EFBC}") = "WebMVC.UnitTests", "Web\WebMVC.UnitTests\WebMVC.UnitTests.csproj", "{CADD94B9-3036-291B-1DF6-07396074A16C}"
EndProject
Project("{2150E333-8FDC-42A3-9474-1A3956D46DE8}") = "EventBus", "EventBus", "{3864E4F5-7048-5D2C-5A53-24342D34F795}"
EndProject
Project("{FAE04EC0-301F-11D3-BF4B-00C04F79EFBC}") = "IntegrationEvents", "BuildingBlocks\EventBus\IntegrationEvents\IntegrationEvents.csproj", "{ED5B693A-0123-BB3C-0E0E-8D438967D16F}"
EndProject
Project("{2150E333-8FDC-42A3-9474-1A3956D46DE8}") = "New folder", "New folder", "{FA3CB629-47D7-E32C-35DD-253562584D2A}"
EndProject
Project("{FAE04EC0-301F-11D3-BF4B-00C04F79EFBC}") = "WebHost.Customization", "BuildingBlocks\New folder\WebHost.Customization\WebHost.Customization.csproj", "{95428711-2692-8F9F-15BD-21DAA72D4F7C}"
EndProject
Project("{2150E333-8FDC-42A3-9474-1A3956D46DE8}") = "Catalog", "Catalog", "{944ACC7E-4FFC-A2A2-09E1-98A62C66F8DB}"
EndProject
Project("{FAE04EC0-301F-11D3-BF4B-00C04F79EFBC}") = "Catalog.API", "Services\Catalog\Catalog.API\Catalog.API.csproj", "{33FC5A32-CDDC-EE43-9CA6-483EA2BFBE99}"
EndProject
Project("{FAE04EC0-301F-11D3-BF4B-00C04F79EFBC}") = "Catalog.Domain", "Services\Catalog\Catalog.Domain\Catalog.Domain.csproj", "{7FE7A131-A735-9C81-0831-35EE528C480B}"
EndProject
Project("{FAE04EC0-301F-11D3-BF4B-00C04F79EFBC}") = "Catalog.UnitTests", "Services\Catalog\Catalog.UnitTests\Catalog.UnitTests.csproj", "{C8F4FC0C-DEEC-8D6B-2ED5-F903274252BB}"
EndProject
Global
	GlobalSection(SolutionConfigurationPlatforms) = preSolution
		Debug|Any CPU = Debug|Any CPU
		Release|Any CPU = Release|Any CPU
	EndGlobalSection
	GlobalSection(ProjectConfigurationPlatforms) = postSolution
		{0193DDE0-C6FE-D742-E145-2FEA1BAB8B8E}.Debug|Any CPU.ActiveCfg = Debug|Any CPU
		{0193DDE0-C6FE-D742-E145-2FEA1BAB8B8E}.Debug|Any CPU.Build.0 = Debug|Any CPU
		{0193DDE0-C6FE-D742-E145-2FEA1BAB8B8E}.Release|Any CPU.ActiveCfg = Release|Any CPU
		{0193DDE0-C6FE-D742-E145-2FEA1BAB8B8E}.Release|Any CPU.Build.0 = Release|Any CPU
		{CADD94B9-3036-291B-1DF6-07396074A16C}.Debug|Any CPU.ActiveCfg = Debug|Any CPU
		{CADD94B9-3036-291B-1DF6-07396074A16C}.Debug|Any CPU.Build.0 = Debug|Any CPU
		{CADD94B9-3036-291B-1DF6-07396074A16C}.Release|Any CPU.ActiveCfg = Release|Any CPU
		{CADD94B9-3036-291B-1DF6-07396074A16C}.Release|Any CPU.Build.0 = Release|Any CPU
		{ED5B693A-0123-BB3C-0E0E-8D438967D16F}.Debug|Any CPU.ActiveCfg = Debug|Any CPU
		{ED5B693A-0123-BB3C-0E0E-8D438967D16F}.Debug|Any CPU.Build.0 = Debug|Any CPU
		{ED5B693A-0123-BB3C-0E0E-8D438967D16F}.Release|Any CPU.ActiveCfg = Release|Any CPU
		{ED5B693A-0123-BB3C-0E0E-8D438967D16F}.Release|Any CPU.Build.0 = Release|Any CPU
		{95428711-2692-8F9F-15BD-21DAA72D4F7C}.Debug|Any CPU.ActiveCfg = Debug|Any CPU
		{95428711-2692-8F9F-15BD-21DAA72D4F7C}.Debug|Any CPU.Build.0 = Debug|Any CPU
		{95428711-2692-8F9F-15BD-21DAA72D4F7C}.Release|Any CPU.ActiveCfg = Release|Any CPU
		{95428711-2692-8F9F-15BD-21DAA72D4F7C}.Release|Any CPU.Build.0 = Release|Any CPU
		{33FC5A32-CDDC-EE43-9CA6-483EA2BFBE99}.Debug|Any CPU.ActiveCfg = Debug|Any CPU
		{33FC5A32-CDDC-EE43-9CA6-483EA2BFBE99}.Debug|Any CPU.Build.0 = Debug|Any CPU
		{33FC5A32-CDDC-EE43-9CA6-483EA2BFBE99}.Release|Any CPU.ActiveCfg = Release|Any CPU
		{33FC5A32-CDDC-EE43-9CA6-483EA2BFBE99}.Release|Any CPU.Build.0 = Release|Any CPU
		{7FE7A131-A735-9C81-0831-35EE528C480B}.Debug|Any CPU.ActiveCfg = Debug|Any CPU
		{7FE7A131-A735-9C81-0831-35EE528C480B}.Debug|Any CPU.Build.0 = Debug|Any CPU
		{7FE7A131-A735-9C81-0831-35EE528C480B}.Release|Any CPU.ActiveCfg = Release|Any CPU
		{7FE7A131-A735-9C81-0831-35EE528C480B}.Release|Any CPU.Build.0 = Release|Any CPU
		{C8F4FC0C-DEEC-8D6B-2ED5-F903274252BB}.Debug|Any CPU.ActiveCfg = Debug|Any CPU
		{C8F4FC0C-DEEC-8D6B-2ED5-F903274252BB}.Debug|Any CPU.Build.0 = Debug|Any CPU
		{C8F4FC0C-DEEC-8D6B-2ED5-F903274252BB}.Release|Any CPU.ActiveCfg = Release|Any CPU
		{C8F4FC0C-DEEC-8D6B-2ED5-F903274252BB}.Release|Any CPU.Build.0 = Release|Any CPU
	EndGlobalSection
	GlobalSection(SolutionProperties) = preSolution
		HideSolutionNode = FALSE
	EndGlobalSection
	GlobalSection(NestedProjects) = preSolution
		{0193DDE0-C6FE-D742-E145-2FEA1BAB8B8E} = {256F4E96-6A73-9ABE-786F-840C672A50F4}
		{CADD94B9-3036-291B-1DF6-07396074A16C} = {256F4E96-6A73-9ABE-786F-840C672A50F4}
		{3864E4F5-7048-5D2C-5A53-24342D34F795} = {7266C4A9-E384-DC00-0EB6-47F6002CFBA7}
		{ED5B693A-0123-BB3C-0E0E-8D438967D16F} = {3864E4F5-7048-5D2C-5A53-24342D34F795}
		{FA3CB629-47D7-E32C-35DD-253562584D2A} = {7266C4A9-E384-DC00-0EB6-47F6002CFBA7}
		{95428711-2692-8F9F-15BD-21DAA72D4F7C} = {FA3CB629-47D7-E32C-35DD-253562584D2A}
		{944ACC7E-4FFC-A2A2-09E1-98A62C66F8DB} = {5854FF58-B8C5-05C6-5BF2-ACE42193F22B}
		{33FC5A32-CDDC-EE43-9CA6-483EA2BFBE99} = {944ACC7E-4FFC-A2A2-09E1-98A62C66F8DB}
		{7FE7A131-A735-9C81-0831-35EE528C480B} = {944ACC7E-4FFC-A2A2-09E1-98A62C66F8DB}
		{C8F4FC0C-DEEC-8D6B-2ED5-F903274252BB} = {944ACC7E-4FFC-A2A2-09E1-98A62C66F8DB}
	EndGlobalSection
	GlobalSection(ExtensibilityGlobals) = postSolution
		SolutionGuid = {F10211A2-BA61-4D13-A85E-23FDE585474C}
	EndGlobalSection
EndGlobal
